
Microsoft Visual Studio Solution File, Format Version 12.00
# Visual Studio Version 16
VisualStudioVersion = 16.0.29326.143
MinimumVisualStudioVersion = 10.0.40219.1
Project("{FAE04EC0-301F-11D3-BF4B-00C04F79EFBC}") = "ChatBOT", "ChatBOT\ChatBOT.csproj", "{FFB3CECE-3A45-44AD-8E72-CB303954321D}"
EndProject
Global
	GlobalSection(SolutionConfigurationPlatforms) = preSolution
		Debug|Any CPU = Debug|Any CPU
		Release|Any CPU = Release|Any CPU
	EndGlobalSection
	GlobalSection(ProjectConfigurationPlatforms) = postSolution
		{FFB3CECE-3A45-44AD-8E72-CB303954321D}.Debug|Any CPU.ActiveCfg = Debug|Any CPU
		{FFB3CECE-3A45-44AD-8E72-CB303954321D}.Debug|Any CPU.Build.0 = Debug|Any CPU
		{FFB3CECE-3A45-44AD-8E72-CB303954321D}.Release|Any CPU.ActiveCfg = Release|Any CPU
		{FFB3CECE-3A45-44AD-8E72-CB303954321D}.Release|Any CPU.Build.0 = Release|Any CPU
	EndGlobalSection
	GlobalSection(SolutionProperties) = preSolution
		HideSolutionNode = FALSE
	EndGlobalSection
	GlobalSection(ExtensibilityGlobals) = postSolution
		SolutionGuid = {C407C3F0-7039-4AA7-B765-C83388622213}
	EndGlobalSection
EndGlobal
